
Microsoft Visual Studio Solution File, Format Version 12.00
# Visual Studio Version 16
VisualStudioVersion = 16.0.33214.272
MinimumVisualStudioVersion = 10.0.40219.1
Project("{9A19103F-16F7-4668-BE54-9A1E7A4F7556}") = "AutoBattle", "AutoBattle.csproj", "{8C46CCBF-5996-4F5E-83E1-C19C4B19BD97}"
EndProject
Global
	GlobalSection(SolutionConfigurationPlatforms) = preSolution
		Debug|Any CPU = Debug|Any CPU
		Release|Any CPU = Release|Any CPU
	EndGlobalSection
	GlobalSection(ProjectConfigurationPlatforms) = postSolution
		{8C46CCBF-5996-4F5E-83E1-C19C4B19BD97}.Debug|Any CPU.ActiveCfg = Debug|Any CPU
		{8C46CCBF-5996-4F5E-83E1-C19C4B19BD97}.Debug|Any CPU.Build.0 = Debug|Any CPU
		{8C46CCBF-5996-4F5E-83E1-C19C4B19BD97}.Release|Any CPU.ActiveCfg = Release|Any CPU
		{8C46CCBF-5996-4F5E-83E1-C19C4B19BD97}.Release|Any CPU.Build.0 = Release|Any CPU
	EndGlobalSection
	GlobalSection(SolutionProperties) = preSolution
		HideSolutionNode = FALSE
	EndGlobalSection
	GlobalSection(ExtensibilityGlobals) = postSolution
		SolutionGuid = {1EE966C6-738B-4F86-8129-6D200EA45EA5}
	EndGlobalSection
EndGlobal
